// !$*UTF8*$!
{
	archiveVersion = 1;
	classes = {
	};
	objectVersion = 46;
	objects = {

/* Begin PBXBuildFile section */
		A9EA0E0B163BFE180075E965 /* UIKit.framework in Frameworks */ = {isa = PBXBuildFile; fileRef = A9EA0E0A163BFE180075E965 /* UIKit.framework */; };
		A9EA0E0D163BFE180075E965 /* Foundation.framework in Frameworks */ = {isa = PBXBuildFile; fileRef = A9EA0E0C163BFE180075E965 /* Foundation.framework */; };
		A9EA0E0F163BFE180075E965 /* CoreGraphics.framework in Frameworks */ = {isa = PBXBuildFile; fileRef = A9EA0E0E163BFE180075E965 /* CoreGraphics.framework */; };
		A9EA0E15163BFE180075E965 /* InfoPlist.strings in Resources */ = {isa = PBXBuildFile; fileRef = A9EA0E13163BFE180075E965 /* InfoPlist.strings */; };
		A9EA0E17163BFE180075E965 /* main.m in Sources */ = {isa = PBXBuildFile; fileRef = A9EA0E16163BFE180075E965 /* main.m */; };
		A9EA0E1B163BFE180075E965 /* AppDelegate.m in Sources */ = {isa = PBXBuildFile; fileRef = A9EA0E1A163BFE180075E965 /* AppDelegate.m */; };
		A9EA0E1D163BFE180075E965 /* Default.png in Resources */ = {isa = PBXBuildFile; fileRef = A9EA0E1C163BFE180075E965 /* Default.png */; };
		A9EA0E1F163BFE180075E965 /* Default@2x.png in Resources */ = {isa = PBXBuildFile; fileRef = A9EA0E1E163BFE180075E965 /* Default@2x.png */; };
		A9EA0E21163BFE180075E965 /* Default-568h@2x.png in Resources */ = {isa = PBXBuildFile; fileRef = A9EA0E20163BFE180075E965 /* Default-568h@2x.png */; };
		A9EA0E24163BFE180075E965 /* ViewController.m in Sources */ = {isa = PBXBuildFile; fileRef = A9EA0E23163BFE180075E965 /* ViewController.m */; };
		A9EA0E27163BFE180075E965 /* ViewController.xib in Resources */ = {isa = PBXBuildFile; fileRef = A9EA0E25163BFE180075E965 /* ViewController.xib */; };
		A9EA0E54163BFFAE0075E965 /* CFNetwork.framework in Frameworks */ = {isa = PBXBuildFile; fileRef = A9EA0E53163BFFAE0075E965 /* CFNetwork.framework */; };
		A9EA0E56163BFFB70075E965 /* SystemConfiguration.framework in Frameworks */ = {isa = PBXBuildFile; fileRef = A9EA0E55163BFFB70075E965 /* SystemConfiguration.framework */; };
		A9EA0E5E163C00CC0075E965 /* MobileCoreServices.framework in Frameworks */ = {isa = PBXBuildFile; fileRef = A9EA0E5D163C00CB0075E965 /* MobileCoreServices.framework */; };
		A9EA0E60163C01070075E965 /* libz.1.2.5.dylib in Frameworks */ = {isa = PBXBuildFile; fileRef = A9EA0E5F163C01070075E965 /* libz.1.2.5.dylib */; };
		A9EA0E63163C03AE0075E965 /* BusinessLogicController.m in Sources */ = {isa = PBXBuildFile; fileRef = A9EA0E62163C03AE0075E965 /* BusinessLogicController.m */; };
		E472539A16F85E8800775C36 /* ASIAuthenticationDialog.m in Sources */ = {isa = PBXBuildFile; fileRef = E472538716F85E8800775C36 /* ASIAuthenticationDialog.m */; };
		E472539B16F85E8800775C36 /* ASIDataCompressor.m in Sources */ = {isa = PBXBuildFile; fileRef = E472538A16F85E8800775C36 /* ASIDataCompressor.m */; };
		E472539C16F85E8800775C36 /* ASIDataDecompressor.m in Sources */ = {isa = PBXBuildFile; fileRef = E472538C16F85E8800775C36 /* ASIDataDecompressor.m */; };
		E472539D16F85E8800775C36 /* ASIDownloadCache.m in Sources */ = {isa = PBXBuildFile; fileRef = E472538E16F85E8800775C36 /* ASIDownloadCache.m */; };
		E472539E16F85E8800775C36 /* ASIFormDataRequest.m in Sources */ = {isa = PBXBuildFile; fileRef = E472539016F85E8800775C36 /* ASIFormDataRequest.m */; };
		E472539F16F85E8800775C36 /* ASIHTTPRequest.m in Sources */ = {isa = PBXBuildFile; fileRef = E472539216F85E8800775C36 /* ASIHTTPRequest.m */; };
		E47253A016F85E8800775C36 /* ASIInputStream.m in Sources */ = {isa = PBXBuildFile; fileRef = E472539616F85E8800775C36 /* ASIInputStream.m */; };
		E47253A116F85E8800775C36 /* ASINetworkQueue.m in Sources */ = {isa = PBXBuildFile; fileRef = E472539816F85E8800775C36 /* ASINetworkQueue.m */; };
		E47253A416F85F6600775C36 /* Reachability.m in Sources */ = {isa = PBXBuildFile; fileRef = E47253A316F85F6600775C36 /* Reachability.m */; };
/* End PBXBuildFile section */

/* Begin PBXFileReference section */
		A9EA0E06163BFE180075E965 /* ASITest.app */ = {isa = PBXFileReference; explicitFileType = wrapper.application; includeInIndex = 0; path = ASITest.app; sourceTree = BUILT_PRODUCTS_DIR; };
		A9EA0E0A163BFE180075E965 /* UIKit.framework */ = {isa = PBXFileReference; lastKnownFileType = wrapper.framework; name = UIKit.framework; path = System/Library/Frameworks/UIKit.framework; sourceTree = SDKROOT; };
		A9EA0E0C163BFE180075E965 /* Foundation.framework */ = {isa = PBXFileReference; lastKnownFileType = wrapper.framework; name = Foundation.framework; path = System/Library/Frameworks/Foundation.framework; sourceTree = SDKROOT; };
		A9EA0E0E163BFE180075E965 /* CoreGraphics.framework */ = {isa = PBXFileReference; lastKnownFileType = wrapper.framework; name = CoreGraphics.framework; path = System/Library/Frameworks/CoreGraphics.framework; sourceTree = SDKROOT; };
		A9EA0E12163BFE180075E965 /* ASITest-Info.plist */ = {isa = PBXFileReference; lastKnownFileType = text.plist.xml; path = "ASITest-Info.plist"; sourceTree = "<group>"; };
		A9EA0E14163BFE180075E965 /* en */ = {isa = PBXFileReference; lastKnownFileType = text.plist.strings; name = en; path = en.lproj/InfoPlist.strings; sourceTree = "<group>"; };
		A9EA0E16163BFE180075E965 /* main.m */ = {isa = PBXFileReference; lastKnownFileType = sourcecode.c.objc; path = main.m; sourceTree = "<group>"; };
		A9EA0E18163BFE180075E965 /* ASITest-Prefix.pch */ = {isa = PBXFileReference; lastKnownFileType = sourcecode.c.h; path = "ASITest-Prefix.pch"; sourceTree = "<group>"; };
		A9EA0E19163BFE180075E965 /* AppDelegate.h */ = {isa = PBXFileReference; lastKnownFileType = sourcecode.c.h; path = AppDelegate.h; sourceTree = "<group>"; };
		A9EA0E1A163BFE180075E965 /* AppDelegate.m */ = {isa = PBXFileReference; lastKnownFileType = sourcecode.c.objc; path = AppDelegate.m; sourceTree = "<group>"; };
		A9EA0E1C163BFE180075E965 /* Default.png */ = {isa = PBXFileReference; lastKnownFileType = image.png; path = Default.png; sourceTree = "<group>"; };
		A9EA0E1E163BFE180075E965 /* Default@2x.png */ = {isa = PBXFileReference; lastKnownFileType = image.png; path = "Default@2x.png"; sourceTree = "<group>"; };
		A9EA0E20163BFE180075E965 /* Default-568h@2x.png */ = {isa = PBXFileReference; lastKnownFileType = image.png; path = "Default-568h@2x.png"; sourceTree = "<group>"; };
		A9EA0E22163BFE180075E965 /* ViewController.h */ = {isa = PBXFileReference; lastKnownFileType = sourcecode.c.h; path = ViewController.h; sourceTree = "<group>"; };
		A9EA0E23163BFE180075E965 /* ViewController.m */ = {isa = PBXFileReference; lastKnownFileType = sourcecode.c.objc; path = ViewController.m; sourceTree = "<group>"; };
		A9EA0E26163BFE180075E965 /* en */ = {isa = PBXFileReference; lastKnownFileType = file.xib; name = en; path = en.lproj/ViewController.xib; sourceTree = "<group>"; };
		A9EA0E53163BFFAE0075E965 /* CFNetwork.framework */ = {isa = PBXFileReference; lastKnownFileType = wrapper.framework; name = CFNetwork.framework; path = System/Library/Frameworks/CFNetwork.framework; sourceTree = SDKROOT; };
		A9EA0E55163BFFB70075E965 /* SystemConfiguration.framework */ = {isa = PBXFileReference; lastKnownFileType = wrapper.framework; name = SystemConfiguration.framework; path = System/Library/Frameworks/SystemConfiguration.framework; sourceTree = SDKROOT; };
		A9EA0E5D163C00CB0075E965 /* MobileCoreServices.framework */ = {isa = PBXFileReference; lastKnownFileType = wrapper.framework; name = MobileCoreServices.framework; path = System/Library/Frameworks/MobileCoreServices.framework; sourceTree = SDKROOT; };
		A9EA0E5F163C01070075E965 /* libz.1.2.5.dylib */ = {isa = PBXFileReference; lastKnownFileType = "compiled.mach-o.dylib"; name = libz.1.2.5.dylib; path = usr/lib/libz.1.2.5.dylib; sourceTree = SDKROOT; };
		A9EA0E61163C03AE0075E965 /* BusinessLogicController.h */ = {isa = PBXFileReference; fileEncoding = 4; lastKnownFileType = sourcecode.c.h; path = BusinessLogicController.h; sourceTree = "<group>"; };
		A9EA0E62163C03AE0075E965 /* BusinessLogicController.m */ = {isa = PBXFileReference; fileEncoding = 4; lastKnownFileType = sourcecode.c.objc; path = BusinessLogicController.m; sourceTree = "<group>"; };
		E472538616F85E8800775C36 /* ASIAuthenticationDialog.h */ = {isa = PBXFileReference; fileEncoding = 4; lastKnownFileType = sourcecode.c.h; name = ASIAuthenticationDialog.h; path = Frameworks/ASIHTTPRequest/Classes/ASIAuthenticationDialog.h; sourceTree = SOURCE_ROOT; };
		E472538716F85E8800775C36 /* ASIAuthenticationDialog.m */ = {isa = PBXFileReference; fileEncoding = 4; lastKnownFileType = sourcecode.c.objc; name = ASIAuthenticationDialog.m; path = Frameworks/ASIHTTPRequest/Classes/ASIAuthenticationDialog.m; sourceTree = SOURCE_ROOT; };
		E472538816F85E8800775C36 /* ASICacheDelegate.h */ = {isa = PBXFileReference; fileEncoding = 4; lastKnownFileType = sourcecode.c.h; name = ASICacheDelegate.h; path = Frameworks/ASIHTTPRequest/Classes/ASICacheDelegate.h; sourceTree = SOURCE_ROOT; };
		E472538916F85E8800775C36 /* ASIDataCompressor.h */ = {isa = PBXFileReference; fileEncoding = 4; lastKnownFileType = sourcecode.c.h; name = ASIDataCompressor.h; path = Frameworks/ASIHTTPRequest/Classes/ASIDataCompressor.h; sourceTree = SOURCE_ROOT; };
		E472538A16F85E8800775C36 /* ASIDataCompressor.m */ = {isa = PBXFileReference; fileEncoding = 4; lastKnownFileType = sourcecode.c.objc; name = ASIDataCompressor.m; path = Frameworks/ASIHTTPRequest/Classes/ASIDataCompressor.m; sourceTree = SOURCE_ROOT; };
		E472538B16F85E8800775C36 /* ASIDataDecompressor.h */ = {isa = PBXFileReference; fileEncoding = 4; lastKnownFileType = sourcecode.c.h; name = ASIDataDecompressor.h; path = Frameworks/ASIHTTPRequest/Classes/ASIDataDecompressor.h; sourceTree = SOURCE_ROOT; };
		E472538C16F85E8800775C36 /* ASIDataDecompressor.m */ = {isa = PBXFileReference; fileEncoding = 4; lastKnownFileType = sourcecode.c.objc; name = ASIDataDecompressor.m; path = Frameworks/ASIHTTPRequest/Classes/ASIDataDecompressor.m; sourceTree = SOURCE_ROOT; };
		E472538D16F85E8800775C36 /* ASIDownloadCache.h */ = {isa = PBXFileReference; fileEncoding = 4; lastKnownFileType = sourcecode.c.h; name = ASIDownloadCache.h; path = Frameworks/ASIHTTPRequest/Classes/ASIDownloadCache.h; sourceTree = SOURCE_ROOT; };
		E472538E16F85E8800775C36 /* ASIDownloadCache.m */ = {isa = PBXFileReference; fileEncoding = 4; lastKnownFileType = sourcecode.c.objc; name = ASIDownloadCache.m; path = Frameworks/ASIHTTPRequest/Classes/ASIDownloadCache.m; sourceTree = SOURCE_ROOT; };
		E472538F16F85E8800775C36 /* ASIFormDataRequest.h */ = {isa = PBXFileReference; fileEncoding = 4; lastKnownFileType = sourcecode.c.h; name = ASIFormDataRequest.h; path = Frameworks/ASIHTTPRequest/Classes/ASIFormDataRequest.h; sourceTree = SOURCE_ROOT; };
		E472539016F85E8800775C36 /* ASIFormDataRequest.m */ = {isa = PBXFileReference; fileEncoding = 4; lastKnownFileType = sourcecode.c.objc; name = ASIFormDataRequest.m; path = Frameworks/ASIHTTPRequest/Classes/ASIFormDataRequest.m; sourceTree = SOURCE_ROOT; };
		E472539116F85E8800775C36 /* ASIHTTPRequest.h */ = {isa = PBXFileReference; fileEncoding = 4; lastKnownFileType = sourcecode.c.h; name = ASIHTTPRequest.h; path = Frameworks/ASIHTTPRequest/Classes/ASIHTTPRequest.h; sourceTree = SOURCE_ROOT; };
		E472539216F85E8800775C36 /* ASIHTTPRequest.m */ = {isa = PBXFileReference; fileEncoding = 4; lastKnownFileType = sourcecode.c.objc; name = ASIHTTPRequest.m; path = Frameworks/ASIHTTPRequest/Classes/ASIHTTPRequest.m; sourceTree = SOURCE_ROOT; };
		E472539316F85E8800775C36 /* ASIHTTPRequestConfig.h */ = {isa = PBXFileReference; fileEncoding = 4; lastKnownFileType = sourcecode.c.h; name = ASIHTTPRequestConfig.h; path = Frameworks/ASIHTTPRequest/Classes/ASIHTTPRequestConfig.h; sourceTree = SOURCE_ROOT; };
		E472539416F85E8800775C36 /* ASIHTTPRequestDelegate.h */ = {isa = PBXFileReference; fileEncoding = 4; lastKnownFileType = sourcecode.c.h; name = ASIHTTPRequestDelegate.h; path = Frameworks/ASIHTTPRequest/Classes/ASIHTTPRequestDelegate.h; sourceTree = SOURCE_ROOT; };
		E472539516F85E8800775C36 /* ASIInputStream.h */ = {isa = PBXFileReference; fileEncoding = 4; lastKnownFileType = sourcecode.c.h; name = ASIInputStream.h; path = Frameworks/ASIHTTPRequest/Classes/ASIInputStream.h; sourceTree = SOURCE_ROOT; };
		E472539616F85E8800775C36 /* ASIInputStream.m */ = {isa = PBXFileReference; fileEncoding = 4; lastKnownFileType = sourcecode.c.objc; name = ASIInputStream.m; path = Frameworks/ASIHTTPRequest/Classes/ASIInputStream.m; sourceTree = SOURCE_ROOT; };
		E472539716F85E8800775C36 /* ASINetworkQueue.h */ = {isa = PBXFileReference; fileEncoding = 4; lastKnownFileType = sourcecode.c.h; name = ASINetworkQueue.h; path = Frameworks/ASIHTTPRequest/Classes/ASINetworkQueue.h; sourceTree = SOURCE_ROOT; };
		E472539816F85E8800775C36 /* ASINetworkQueue.m */ = {isa = PBXFileReference; fileEncoding = 4; lastKnownFileType = sourcecode.c.objc; name = ASINetworkQueue.m; path = Frameworks/ASIHTTPRequest/Classes/ASINetworkQueue.m; sourceTree = SOURCE_ROOT; };
		E472539916F85E8800775C36 /* ASIProgressDelegate.h */ = {isa = PBXFileReference; fileEncoding = 4; lastKnownFileType = sourcecode.c.h; name = ASIProgressDelegate.h; path = Frameworks/ASIHTTPRequest/Classes/ASIProgressDelegate.h; sourceTree = SOURCE_ROOT; };
		E47253A216F85F6600775C36 /* Reachability.h */ = {isa = PBXFileReference; fileEncoding = 4; lastKnownFileType = sourcecode.c.h; name = Reachability.h; path = Frameworks/ASIHTTPRequest/External/Reachability/Reachability.h; sourceTree = SOURCE_ROOT; };
		E47253A316F85F6600775C36 /* Reachability.m */ = {isa = PBXFileReference; fileEncoding = 4; lastKnownFileType = sourcecode.c.objc; name = Reachability.m; path = Frameworks/ASIHTTPRequest/External/Reachability/Reachability.m; sourceTree = SOURCE_ROOT; };
/* End PBXFileReference section */

/* Begin PBXFrameworksBuildPhase section */
		A9EA0E03163BFE180075E965 /* Frameworks */ = {
			isa = PBXFrameworksBuildPhase;
			buildActionMask = 2147483647;
			files = (
				A9EA0E60163C01070075E965 /* libz.1.2.5.dylib in Frameworks */,
				A9EA0E5E163C00CC0075E965 /* MobileCoreServices.framework in Frameworks */,
				A9EA0E56163BFFB70075E965 /* SystemConfiguration.framework in Frameworks */,
				A9EA0E54163BFFAE0075E965 /* CFNetwork.framework in Frameworks */,
				A9EA0E0B163BFE180075E965 /* UIKit.framework in Frameworks */,
				A9EA0E0D163BFE180075E965 /* Foundation.framework in Frameworks */,
				A9EA0E0F163BFE180075E965 /* CoreGraphics.framework in Frameworks */,
			);
			runOnlyForDeploymentPostprocessing = 0;
		};
/* End PBXFrameworksBuildPhase section */

/* Begin PBXGroup section */
		A9EA0DFB163BFE180075E965 = {
			isa = PBXGroup;
			children = (
				A9EA0E10163BFE180075E965 /* ASITest */,
				A9EA0E09163BFE180075E965 /* Frameworks */,
				A9EA0E07163BFE180075E965 /* Products */,
			);
			sourceTree = "<group>";
		};
		A9EA0E07163BFE180075E965 /* Products */ = {
			isa = PBXGroup;
			children = (
				A9EA0E06163BFE180075E965 /* ASITest.app */,
			);
			name = Products;
			sourceTree = "<group>";
		};
		A9EA0E09163BFE180075E965 /* Frameworks */ = {
			isa = PBXGroup;
			children = (
				A9EA0E4F163BFEF60075E965 /* Reachability */,
				A9EA0E2E163BFE750075E965 /* ASIHTTPRequest */,
				A9EA0E5F163C01070075E965 /* libz.1.2.5.dylib */,
				A9EA0E5D163C00CB0075E965 /* MobileCoreServices.framework */,
				A9EA0E55163BFFB70075E965 /* SystemConfiguration.framework */,
				A9EA0E53163BFFAE0075E965 /* CFNetwork.framework */,
				A9EA0E0A163BFE180075E965 /* UIKit.framework */,
				A9EA0E0C163BFE180075E965 /* Foundation.framework */,
				A9EA0E0E163BFE180075E965 /* CoreGraphics.framework */,
			);
			name = Frameworks;
			sourceTree = "<group>";
		};
		A9EA0E10163BFE180075E965 /* ASITest */ = {
			isa = PBXGroup;
			children = (
				A9EA0E19163BFE180075E965 /* AppDelegate.h */,
				A9EA0E1A163BFE180075E965 /* AppDelegate.m */,
				A9EA0E22163BFE180075E965 /* ViewController.h */,
				A9EA0E23163BFE180075E965 /* ViewController.m */,
				A9EA0E25163BFE180075E965 /* ViewController.xib */,
				A9EA0E61163C03AE0075E965 /* BusinessLogicController.h */,
				A9EA0E62163C03AE0075E965 /* BusinessLogicController.m */,
				A9EA0E11163BFE180075E965 /* Supporting Files */,
			);
			path = ASITest;
			sourceTree = "<group>";
		};
		A9EA0E11163BFE180075E965 /* Supporting Files */ = {
			isa = PBXGroup;
			children = (
				A9EA0E12163BFE180075E965 /* ASITest-Info.plist */,
				A9EA0E13163BFE180075E965 /* InfoPlist.strings */,
				A9EA0E16163BFE180075E965 /* main.m */,
				A9EA0E18163BFE180075E965 /* ASITest-Prefix.pch */,
				A9EA0E1C163BFE180075E965 /* Default.png */,
				A9EA0E1E163BFE180075E965 /* Default@2x.png */,
				A9EA0E20163BFE180075E965 /* Default-568h@2x.png */,
			);
			name = "Supporting Files";
			sourceTree = "<group>";
		};
		A9EA0E2E163BFE750075E965 /* ASIHTTPRequest */ = {
			isa = PBXGroup;
			children = (
				E472538616F85E8800775C36 /* ASIAuthenticationDialog.h */,
				E472538716F85E8800775C36 /* ASIAuthenticationDialog.m */,
				E472538816F85E8800775C36 /* ASICacheDelegate.h */,
				E472538916F85E8800775C36 /* ASIDataCompressor.h */,
				E472538A16F85E8800775C36 /* ASIDataCompressor.m */,
				E472538B16F85E8800775C36 /* ASIDataDecompressor.h */,
				E472538C16F85E8800775C36 /* ASIDataDecompressor.m */,
				E472538D16F85E8800775C36 /* ASIDownloadCache.h */,
				E472538E16F85E8800775C36 /* ASIDownloadCache.m */,
				E472538F16F85E8800775C36 /* ASIFormDataRequest.h */,
				E472539016F85E8800775C36 /* ASIFormDataRequest.m */,
				E472539116F85E8800775C36 /* ASIHTTPRequest.h */,
				E472539216F85E8800775C36 /* ASIHTTPRequest.m */,
				E472539316F85E8800775C36 /* ASIHTTPRequestConfig.h */,
				E472539416F85E8800775C36 /* ASIHTTPRequestDelegate.h */,
				E472539516F85E8800775C36 /* ASIInputStream.h */,
				E472539616F85E8800775C36 /* ASIInputStream.m */,
				E472539716F85E8800775C36 /* ASINetworkQueue.h */,
				E472539816F85E8800775C36 /* ASINetworkQueue.m */,
				E472539916F85E8800775C36 /* ASIProgressDelegate.h */,
			);
			name = ASIHTTPRequest;
			path = ASITest/ASIHTTPRequest;
			sourceTree = "<group>";
		};
		A9EA0E4F163BFEF60075E965 /* Reachability */ = {
			isa = PBXGroup;
			children = (
				E47253A216F85F6600775C36 /* Reachability.h */,
				E47253A316F85F6600775C36 /* Reachability.m */,
			);
			name = Reachability;
			path = ASITest/Reachability;
			sourceTree = "<group>";
		};
/* End PBXGroup section */

/* Begin PBXNativeTarget section */
		A9EA0E05163BFE180075E965 /* ASITest */ = {
			isa = PBXNativeTarget;
			buildConfigurationList = A9EA0E2A163BFE180075E965 /* Build configuration list for PBXNativeTarget "ASITest" */;
			buildPhases = (
				A9EA0E02163BFE180075E965 /* Sources */,
				A9EA0E03163BFE180075E965 /* Frameworks */,
				A9EA0E04163BFE180075E965 /* Resources */,
			);
			buildRules = (
			);
			dependencies = (
			);
			name = ASITest;
			productName = ASITest;
			productReference = A9EA0E06163BFE180075E965 /* ASITest.app */;
			productType = "com.apple.product-type.application";
		};
/* End PBXNativeTarget section */

/* Begin PBXProject section */
		A9EA0DFD163BFE180075E965 /* Project object */ = {
			isa = PBXProject;
			attributes = {
				LastUpgradeCheck = 0450;
				ORGANIZATIONNAME = sagles;
			};
			buildConfigurationList = A9EA0E00163BFE180075E965 /* Build configuration list for PBXProject "ASITest" */;
			compatibilityVersion = "Xcode 3.2";
			developmentRegion = English;
			hasScannedForEncodings = 0;
			knownRegions = (
				en,
			);
			mainGroup = A9EA0DFB163BFE180075E965;
			productRefGroup = A9EA0E07163BFE180075E965 /* Products */;
			projectDirPath = "";
			projectRoot = "";
			targets = (
				A9EA0E05163BFE180075E965 /* ASITest */,
			);
		};
/* End PBXProject section */

/* Begin PBXResourcesBuildPhase section */
		A9EA0E04163BFE180075E965 /* Resources */ = {
			isa = PBXResourcesBuildPhase;
			buildActionMask = 2147483647;
			files = (
				A9EA0E15163BFE180075E965 /* InfoPlist.strings in Resources */,
				A9EA0E1D163BFE180075E965 /* Default.png in Resources */,
				A9EA0E1F163BFE180075E965 /* Default@2x.png in Resources */,
				A9EA0E21163BFE180075E965 /* Default-568h@2x.png in Resources */,
				A9EA0E27163BFE180075E965 /* ViewController.xib in Resources */,
			);
			runOnlyForDeploymentPostprocessing = 0;
		};
/* End PBXResourcesBuildPhase section */

/* Begin PBXSourcesBuildPhase section */
		A9EA0E02163BFE180075E965 /* Sources */ = {
			isa = PBXSourcesBuildPhase;
			buildActionMask = 2147483647;
			files = (
				A9EA0E17163BFE180075E965 /* main.m in Sources */,
				A9EA0E1B163BFE180075E965 /* AppDelegate.m in Sources */,
				A9EA0E24163BFE180075E965 /* ViewController.m in Sources */,
				A9EA0E63163C03AE0075E965 /* BusinessLogicController.m in Sources */,
				E472539A16F85E8800775C36 /* ASIAuthenticationDialog.m in Sources */,
				E472539B16F85E8800775C36 /* ASIDataCompressor.m in Sources */,
				E472539C16F85E8800775C36 /* ASIDataDecompressor.m in Sources */,
				E472539D16F85E8800775C36 /* ASIDownloadCache.m in Sources */,
				E472539E16F85E8800775C36 /* ASIFormDataRequest.m in Sources */,
				E472539F16F85E8800775C36 /* ASIHTTPRequest.m in Sources */,
				E47253A016F85E8800775C36 /* ASIInputStream.m in Sources */,
				E47253A116F85E8800775C36 /* ASINetworkQueue.m in Sources */,
				E47253A416F85F6600775C36 /* Reachability.m in Sources */,
			);
			runOnlyForDeploymentPostprocessing = 0;
		};
/* End PBXSourcesBuildPhase section */

/* Begin PBXVariantGroup section */
		A9EA0E13163BFE180075E965 /* InfoPlist.strings */ = {
			isa = PBXVariantGroup;
			children = (
				A9EA0E14163BFE180075E965 /* en */,
			);
			name = InfoPlist.strings;
			sourceTree = "<group>";
		};
		A9EA0E25163BFE180075E965 /* ViewController.xib */ = {
			isa = PBXVariantGroup;
			children = (
				A9EA0E26163BFE180075E965 /* en */,
			);
			name = ViewController.xib;
			sourceTree = "<group>";
		};
/* End PBXVariantGroup section */

/* Begin XCBuildConfiguration section */
		A9EA0E28163BFE180075E965 /* Debug */ = {
			isa = XCBuildConfiguration;
			buildSettings = {
				ALWAYS_SEARCH_USER_PATHS = NO;
				CLANG_CXX_LANGUAGE_STANDARD = "gnu++0x";
				CLANG_CXX_LIBRARY = "libc++";
				CLANG_WARN_EMPTY_BODY = YES;
				CLANG_WARN__DUPLICATE_METHOD_MATCH = YES;
				"CODE_SIGN_IDENTITY[sdk=iphoneos*]" = "iPhone Developer";
				COPY_PHASE_STRIP = NO;
				GCC_C_LANGUAGE_STANDARD = gnu99;
				GCC_DYNAMIC_NO_PIC = NO;
				GCC_OPTIMIZATION_LEVEL = 0;
				GCC_PREPROCESSOR_DEFINITIONS = (
					"DEBUG=1",
					"$(inherited)",
				);
				GCC_SYMBOLS_PRIVATE_EXTERN = NO;
				GCC_WARN_ABOUT_RETURN_TYPE = YES;
				GCC_WARN_UNINITIALIZED_AUTOS = YES;
				GCC_WARN_UNUSED_VARIABLE = YES;
				IPHONEOS_DEPLOYMENT_TARGET = 6.0;
				ONLY_ACTIVE_ARCH = YES;
				SDKROOT = iphoneos;
			};
			name = Debug;
		};
		A9EA0E29163BFE180075E965 /* Release */ = {
			isa = XCBuildConfiguration;
			buildSettings = {
				ALWAYS_SEARCH_USER_PATHS = NO;
				CLANG_CXX_LANGUAGE_STANDARD = "gnu++0x";
				CLANG_CXX_LIBRARY = "libc++";
				CLANG_WARN_EMPTY_BODY = YES;
				CLANG_WARN__DUPLICATE_METHOD_MATCH = YES;
				"CODE_SIGN_IDENTITY[sdk=iphoneos*]" = "iPhone Developer";
				COPY_PHASE_STRIP = YES;
				GCC_C_LANGUAGE_STANDARD = gnu99;
				GCC_WARN_ABOUT_RETURN_TYPE = YES;
				GCC_WARN_UNINITIALIZED_AUTOS = YES;
				GCC_WARN_UNUSED_VARIABLE = YES;
				IPHONEOS_DEPLOYMENT_TARGET = 6.0;
				OTHER_CFLAGS = "-DNS_BLOCK_ASSERTIONS=1";
				SDKROOT = iphoneos;
				VALIDATE_PRODUCT = YES;
			};
			name = Release;
		};
		A9EA0E2B163BFE180075E965 /* Debug */ = {
			isa = XCBuildConfiguration;
			buildSettings = {
				GCC_PRECOMPILE_PREFIX_HEADER = YES;
				GCC_PREFIX_HEADER = "ASITest/ASITest-Prefix.pch";
				INFOPLIST_FILE = "ASITest/ASITest-Info.plist";
				PRODUCT_NAME = "$(TARGET_NAME)";
				WRAPPER_EXTENSION = app;
			};
			name = Debug;
		};
		A9EA0E2C163BFE180075E965 /* Release */ = {
			isa = XCBuildConfiguration;
			buildSettings = {
				GCC_PRECOMPILE_PREFIX_HEADER = YES;
				GCC_PREFIX_HEADER = "ASITest/ASITest-Prefix.pch";
				INFOPLIST_FILE = "ASITest/ASITest-Info.plist";
				PRODUCT_NAME = "$(TARGET_NAME)";
				WRAPPER_EXTENSION = app;
			};
			name = Release;
		};
/* End XCBuildConfiguration section */

/* Begin XCConfigurationList section */
		A9EA0E00163BFE180075E965 /* Build configuration list for PBXProject "ASITest" */ = {
			isa = XCConfigurationList;
			buildConfigurations = (
				A9EA0E28163BFE180075E965 /* Debug */,
				A9EA0E29163BFE180075E965 /* Release */,
			);
			defaultConfigurationIsVisible = 0;
			defaultConfigurationName = Release;
		};
		A9EA0E2A163BFE180075E965 /* Build configuration list for PBXNativeTarget "ASITest" */ = {
			isa = XCConfigurationList;
			buildConfigurations = (
				A9EA0E2B163BFE180075E965 /* Debug */,
				A9EA0E2C163BFE180075E965 /* Release */,
			);
			defaultConfigurationIsVisible = 0;
			defaultConfigurationName = Release;
		};
/* End XCConfigurationList section */
	};
	rootObject = A9EA0DFD163BFE180075E965 /* Project object */;
}
